
Microsoft Visual Studio Solution File, Format Version 12.00
# Visual Studio 14
VisualStudioVersion = 14.0.23107.0
MinimumVisualStudioVersion = 10.0.40219.1
Project("{8BC9CEB8-8B4A-11D0-8D11-00A0C91BC942}") = "ComExampleServer", "ComExampleServer\ComExampleServer.vcxproj", "{DC3918B3-708E-4641-ABA2-74424ADF4CFD}"
EndProject
Project("{8BC9CEB8-8B4A-11D0-8D11-00A0C91BC942}") = "ComExampleClient", "ComExampleClient\ComExampleClient.vcxproj", "{9ED0CBF2-304F-4D27-8F72-79D3E7F8B39C}"
EndProject
Global
	GlobalSection(SolutionConfigurationPlatforms) = preSolution
		Debug|x64 = Debug|x64
		Debug|x86 = Debug|x86
		Release|x64 = Release|x64
		Release|x86 = Release|x86
	EndGlobalSection
	GlobalSection(ProjectConfigurationPlatforms) = postSolution
		{DC3918B3-708E-4641-ABA2-74424ADF4CFD}.Debug|x64.ActiveCfg = Debug|x64
		{DC3918B3-708E-4641-ABA2-74424ADF4CFD}.Debug|x64.Build.0 = Debug|x64
		{DC3918B3-708E-4641-ABA2-74424ADF4CFD}.Debug|x86.ActiveCfg = Debug|Win32
		{DC3918B3-708E-4641-ABA2-74424ADF4CFD}.Debug|x86.Build.0 = Debug|Win32
		{DC3918B3-708E-4641-ABA2-74424ADF4CFD}.Release|x64.ActiveCfg = Release|x64
		{DC3918B3-708E-4641-ABA2-74424ADF4CFD}.Release|x64.Build.0 = Release|x64
		{DC3918B3-708E-4641-ABA2-74424ADF4CFD}.Release|x86.ActiveCfg = Release|Win32
		{DC3918B3-708E-4641-ABA2-74424ADF4CFD}.Release|x86.Build.0 = Release|Win32
		{9ED0CBF2-304F-4D27-8F72-79D3E7F8B39C}.Debug|x64.ActiveCfg = Debug|x64
		{9ED0CBF2-304F-4D27-8F72-79D3E7F8B39C}.Debug|x64.Build.0 = Debug|x64
		{9ED0CBF2-304F-4D27-8F72-79D3E7F8B39C}.Debug|x86.ActiveCfg = Debug|Win32
		{9ED0CBF2-304F-4D27-8F72-79D3E7F8B39C}.Debug|x86.Build.0 = Debug|Win32
		{9ED0CBF2-304F-4D27-8F72-79D3E7F8B39C}.Release|x64.ActiveCfg = Release|x64
		{9ED0CBF2-304F-4D27-8F72-79D3E7F8B39C}.Release|x64.Build.0 = Release|x64
		{9ED0CBF2-304F-4D27-8F72-79D3E7F8B39C}.Release|x86.ActiveCfg = Release|Win32
		{9ED0CBF2-304F-4D27-8F72-79D3E7F8B39C}.Release|x86.Build.0 = Release|Win32
	EndGlobalSection
	GlobalSection(SolutionProperties) = preSolution
		HideSolutionNode = FALSE
	EndGlobalSection
EndGlobal
